
Microsoft Visual Studio Solution File, Format Version 11.00
# Visual Studio 2010
Project("{FAE04EC0-301F-11D3-BF4B-00C04F79EFBC}") = "Assembly-CSharp", "Assembly-CSharp.csproj", "{cebdffd6-dd70-dbc7-b56d-9c44a2d78a6a}"
EndProject
Project("{FAE04EC0-301F-11D3-BF4B-00C04F79EFBC}") = "Assembly-CSharp-Editor", "Assembly-CSharp-Editor.csproj", "{5a58b7bb-32ca-c10a-fccc-efea21389a56}"
EndProject
Global
	GlobalSection(SolutionConfigurationPlatforms) = preSolution
		Debug|Any CPU = Debug|Any CPU
		Release|Any CPU = Release|Any CPU
	EndGlobalSection
	GlobalSection(ProjectConfigurationPlatforms) = postSolution
		{cebdffd6-dd70-dbc7-b56d-9c44a2d78a6a}.Debug|Any CPU.ActiveCfg = Debug|Any CPU
		{cebdffd6-dd70-dbc7-b56d-9c44a2d78a6a}.Debug|Any CPU.Build.0 = Debug|Any CPU
		{cebdffd6-dd70-dbc7-b56d-9c44a2d78a6a}.Release|Any CPU.ActiveCfg = Release|Any CPU
		{cebdffd6-dd70-dbc7-b56d-9c44a2d78a6a}.Release|Any CPU.Build.0 = Release|Any CPU
		{5a58b7bb-32ca-c10a-fccc-efea21389a56}.Debug|Any CPU.ActiveCfg = Debug|Any CPU
		{5a58b7bb-32ca-c10a-fccc-efea21389a56}.Debug|Any CPU.Build.0 = Debug|Any CPU
		{5a58b7bb-32ca-c10a-fccc-efea21389a56}.Release|Any CPU.ActiveCfg = Release|Any CPU
		{5a58b7bb-32ca-c10a-fccc-efea21389a56}.Release|Any CPU.Build.0 = Release|Any CPU
	EndGlobalSection
	GlobalSection(SolutionProperties) = preSolution
		HideSolutionNode = FALSE
	EndGlobalSection
EndGlobal
