
Microsoft Visual Studio Solution File, Format Version 12.00
# Visual Studio 15
Project("{FAE04EC0-301F-11D3-BF4B-00C04F79EFBC}") = "Assembly-CSharp", "Assembly-CSharp.csproj", "{092964C1-B687-C24F-752B-93BA3B3AD020}"
EndProject
Project("{FAE04EC0-301F-11D3-BF4B-00C04F79EFBC}") = "Assembly-CSharp-Editor", "Assembly-CSharp-Editor.csproj", "{6A0D6BB7-07CE-DBE0-FA09-E61F0A634ABC}"
EndProject
Global
	GlobalSection(SolutionConfigurationPlatforms) = preSolution
		Debug|Any CPU = Debug|Any CPU
		Release|Any CPU = Release|Any CPU
	EndGlobalSection
	GlobalSection(ProjectConfigurationPlatforms) = postSolution
		{092964C1-B687-C24F-752B-93BA3B3AD020}.Debug|Any CPU.ActiveCfg = Debug|Any CPU
		{092964C1-B687-C24F-752B-93BA3B3AD020}.Debug|Any CPU.Build.0 = Debug|Any CPU
		{092964C1-B687-C24F-752B-93BA3B3AD020}.Release|Any CPU.ActiveCfg = Release|Any CPU
		{092964C1-B687-C24F-752B-93BA3B3AD020}.Release|Any CPU.Build.0 = Release|Any CPU
		{6A0D6BB7-07CE-DBE0-FA09-E61F0A634ABC}.Debug|Any CPU.ActiveCfg = Debug|Any CPU
		{6A0D6BB7-07CE-DBE0-FA09-E61F0A634ABC}.Debug|Any CPU.Build.0 = Debug|Any CPU
		{6A0D6BB7-07CE-DBE0-FA09-E61F0A634ABC}.Release|Any CPU.ActiveCfg = Release|Any CPU
		{6A0D6BB7-07CE-DBE0-FA09-E61F0A634ABC}.Release|Any CPU.Build.0 = Release|Any CPU
	EndGlobalSection
	GlobalSection(SolutionProperties) = preSolution
		HideSolutionNode = FALSE
	EndGlobalSection
EndGlobal
